
Microsoft Visual Studio Solution File, Format Version 12.00
Project("{FAE04EC0-301F-11D3-BF4B-00C04F79EFBC}") = "APBD-08", "APBD-08\APBD-08.csproj", "{5ADBC3D2-9CDA-4A29-A0F5-88B992A694D7}"
EndProject
Global
	GlobalSection(SolutionConfigurationPlatforms) = preSolution
		Debug|Any CPU = Debug|Any CPU
		Release|Any CPU = Release|Any CPU
	EndGlobalSection
	GlobalSection(ProjectConfigurationPlatforms) = postSolution
		{5ADBC3D2-9CDA-4A29-A0F5-88B992A694D7}.Debug|Any CPU.ActiveCfg = Debug|Any CPU
		{5ADBC3D2-9CDA-4A29-A0F5-88B992A694D7}.Debug|Any CPU.Build.0 = Debug|Any CPU
		{5ADBC3D2-9CDA-4A29-A0F5-88B992A694D7}.Release|Any CPU.ActiveCfg = Release|Any CPU
		{5ADBC3D2-9CDA-4A29-A0F5-88B992A694D7}.Release|Any CPU.Build.0 = Release|Any CPU
	EndGlobalSection
EndGlobal
